
Microsoft Visual Studio Solution File, Format Version 12.00
# Visual Studio 14
VisualStudioVersion = 14.0.25420.1
MinimumVisualStudioVersion = 10.0.40219.1
Project("{FAE04EC0-301F-11D3-BF4B-00C04F79EFBC}") = "QuoteRtd", "QuoteRtd.csproj", "{D940B635-FA57-458B-97DD-F49D619F2FFD}"
EndProject
Global
	GlobalSection(SolutionConfigurationPlatforms) = preSolution
		Debug|Any CPU = Debug|Any CPU
		Release|Any CPU = Release|Any CPU
	EndGlobalSection
	GlobalSection(ProjectConfigurationPlatforms) = postSolution
		{D940B635-FA57-458B-97DD-F49D619F2FFD}.Debug|Any CPU.ActiveCfg = Debug|Any CPU
		{D940B635-FA57-458B-97DD-F49D619F2FFD}.Debug|Any CPU.Build.0 = Debug|Any CPU
		{D940B635-FA57-458B-97DD-F49D619F2FFD}.Release|Any CPU.ActiveCfg = Release|Any CPU
		{D940B635-FA57-458B-97DD-F49D619F2FFD}.Release|Any CPU.Build.0 = Release|Any CPU
	EndGlobalSection
	GlobalSection(SolutionProperties) = preSolution
		HideSolutionNode = FALSE
	EndGlobalSection
EndGlobal
